// !$*UTF8*$!
{
	archiveVersion = 1;
	classes = {
	};
	objectVersion = 56;
	objects = {

/* Begin PBXBuildFile section */
		C7B657DE2D348D7A00AFA8A2 /* Pet_ManagerApp.swift in Sources */ = {isa = PBXBuildFile; fileRef = C7B657DD2D348D7A00AFA8A2 /* Pet_ManagerApp.swift */; };
		C7B657E02D348D7A00AFA8A2 /* ContentView.swift in Sources */ = {isa = PBXBuildFile; fileRef = C7B657DF2D348D7A00AFA8A2 /* ContentView.swift */; };
		C7B657E22D348D7C00AFA8A2 /* Assets.xcassets in Resources */ = {isa = PBXBuildFile; fileRef = C7B657E12D348D7C00AFA8A2 /* Assets.xcassets */; };
		C7B657E52D348D7C00AFA8A2 /* Preview Assets.xcassets in Resources */ = {isa = PBXBuildFile; fileRef = C7B657E42D348D7C00AFA8A2 /* Preview Assets.xcassets */; };
		C7B657EC2D34932300AFA8A2 /* AddTaskView.swift in Sources */ = {isa = PBXBuildFile; fileRef = C7B657EB2D34932300AFA8A2 /* AddTaskView.swift */; };
		C7B657F42D34C22400AFA8A2 /* TrendSansOne.otf in Resources */ = {isa = PBXBuildFile; fileRef = C7B657F32D34C21300AFA8A2 /* TrendSansOne.otf */; };
		C7B657F62D34C2A500AFA8A2 /* WorkSans-Regular.ttf in Resources */ = {isa = PBXBuildFile; fileRef = C7B657F52D34C2A200AFA8A2 /* WorkSans-Regular.ttf */; };
		C7B657F82D35D95E00AFA8A2 /* MyTask.swift in Sources */ = {isa = PBXBuildFile; fileRef = C7B657F72D35D95E00AFA8A2 /* MyTask.swift */; };
		C7B657FA2D37174700AFA8A2 /* MyPets.swift in Sources */ = {isa = PBXBuildFile; fileRef = C7B657F92D37174700AFA8A2 /* MyPets.swift */; };
		C7B657FC2D42ADBA00AFA8A2 /* TasksList.swift in Sources */ = {isa = PBXBuildFile; fileRef = C7B657FB2D42ADB900AFA8A2 /* TasksList.swift */; };
		C7B657FE2D42DB8B00AFA8A2 /* TasksListItem.swift in Sources */ = {isa = PBXBuildFile; fileRef = C7B657FD2D42DB8B00AFA8A2 /* TasksListItem.swift */; };
		C7B658002D4308E700AFA8A2 /* TaskManager.swift in Sources */ = {isa = PBXBuildFile; fileRef = C7B657FF2D4308E700AFA8A2 /* TaskManager.swift */; };
		C7B658022D43331500AFA8A2 /* AddPetsView.swift in Sources */ = {isa = PBXBuildFile; fileRef = C7B658012D43331500AFA8A2 /* AddPetsView.swift */; };
		C7B658042D4342FE00AFA8A2 /* CustomTabBar.swift in Sources */ = {isa = PBXBuildFile; fileRef = C7B658032D4342FE00AFA8A2 /* CustomTabBar.swift */; };
		C7B658062D44367600AFA8A2 /* Settings.swift in Sources */ = {isa = PBXBuildFile; fileRef = C7B658052D44367600AFA8A2 /* Settings.swift */; };
		C7B658082D4585C100AFA8A2 /* CustomTextField.swift in Sources */ = {isa = PBXBuildFile; fileRef = C7B658072D4585C000AFA8A2 /* CustomTextField.swift */; };
		C7F7874E2D495E2600CC832E /* EditPetView.swift in Sources */ = {isa = PBXBuildFile; fileRef = C7F7874D2D495E2600CC832E /* EditPetView.swift */; };
		C7F787502D4AB4E400CC832E /* EditTaskView.swift in Sources */ = {isa = PBXBuildFile; fileRef = C7F7874F2D4AB4E400CC832E /* EditTaskView.swift */; };
/* End PBXBuildFile section */

/* Begin PBXFileReference section */
		C7B657DA2D348D7A00AFA8A2 /* Pet Manager.app */ = {isa = PBXFileReference; explicitFileType = wrapper.application; includeInIndex = 0; path = "Pet Manager.app"; sourceTree = BUILT_PRODUCTS_DIR; };
		C7B657DD2D348D7A00AFA8A2 /* Pet_ManagerApp.swift */ = {isa = PBXFileReference; lastKnownFileType = sourcecode.swift; path = Pet_ManagerApp.swift; sourceTree = "<group>"; };
		C7B657DF2D348D7A00AFA8A2 /* ContentView.swift */ = {isa = PBXFileReference; lastKnownFileType = sourcecode.swift; path = ContentView.swift; sourceTree = "<group>"; };
		C7B657E12D348D7C00AFA8A2 /* Assets.xcassets */ = {isa = PBXFileReference; lastKnownFileType = folder.assetcatalog; path = Assets.xcassets; sourceTree = "<group>"; };
		C7B657E42D348D7C00AFA8A2 /* Preview Assets.xcassets */ = {isa = PBXFileReference; lastKnownFileType = folder.assetcatalog; path = "Preview Assets.xcassets"; sourceTree = "<group>"; };
		C7B657EB2D34932300AFA8A2 /* AddTaskView.swift */ = {isa = PBXFileReference; lastKnownFileType = sourcecode.swift; path = AddTaskView.swift; sourceTree = "<group>"; };
		C7B657F12D34BDCB00AFA8A2 /* Pet-Manager-Info.plist */ = {isa = PBXFileReference; lastKnownFileType = text.plist; path = "Pet-Manager-Info.plist"; sourceTree = SOURCE_ROOT; };
		C7B657F32D34C21300AFA8A2 /* TrendSansOne.otf */ = {isa = PBXFileReference; lastKnownFileType = file; path = TrendSansOne.otf; sourceTree = "<group>"; };
		C7B657F52D34C2A200AFA8A2 /* WorkSans-Regular.ttf */ = {isa = PBXFileReference; lastKnownFileType = file; path = "WorkSans-Regular.ttf"; sourceTree = "<group>"; };
		C7B657F72D35D95E00AFA8A2 /* MyTask.swift */ = {isa = PBXFileReference; lastKnownFileType = sourcecode.swift; path = MyTask.swift; sourceTree = "<group>"; };
		C7B657F92D37174700AFA8A2 /* MyPets.swift */ = {isa = PBXFileReference; lastKnownFileType = sourcecode.swift; path = MyPets.swift; sourceTree = "<group>"; };
		C7B657FB2D42ADB900AFA8A2 /* TasksList.swift */ = {isa = PBXFileReference; lastKnownFileType = sourcecode.swift; path = TasksList.swift; sourceTree = "<group>"; };
		C7B657FD2D42DB8B00AFA8A2 /* TasksListItem.swift */ = {isa = PBXFileReference; lastKnownFileType = sourcecode.swift; path = TasksListItem.swift; sourceTree = "<group>"; };
		C7B657FF2D4308E700AFA8A2 /* TaskManager.swift */ = {isa = PBXFileReference; lastKnownFileType = sourcecode.swift; path = TaskManager.swift; sourceTree = "<group>"; };
		C7B658012D43331500AFA8A2 /* AddPetsView.swift */ = {isa = PBXFileReference; lastKnownFileType = sourcecode.swift; path = AddPetsView.swift; sourceTree = "<group>"; };
		C7B658032D4342FE00AFA8A2 /* CustomTabBar.swift */ = {isa = PBXFileReference; lastKnownFileType = sourcecode.swift; path = CustomTabBar.swift; sourceTree = "<group>"; };
		C7B658052D44367600AFA8A2 /* Settings.swift */ = {isa = PBXFileReference; lastKnownFileType = sourcecode.swift; path = Settings.swift; sourceTree = "<group>"; };
		C7B658072D4585C000AFA8A2 /* CustomTextField.swift */ = {isa = PBXFileReference; lastKnownFileType = sourcecode.swift; path = CustomTextField.swift; sourceTree = "<group>"; };
		C7F7874D2D495E2600CC832E /* EditPetView.swift */ = {isa = PBXFileReference; lastKnownFileType = sourcecode.swift; path = EditPetView.swift; sourceTree = "<group>"; };
		C7F7874F2D4AB4E400CC832E /* EditTaskView.swift */ = {isa = PBXFileReference; lastKnownFileType = sourcecode.swift; path = EditTaskView.swift; sourceTree = "<group>"; };
/* End PBXFileReference section */

/* Begin PBXFrameworksBuildPhase section */
		C7B657D72D348D7A00AFA8A2 /* Frameworks */ = {
			isa = PBXFrameworksBuildPhase;
			buildActionMask = 2147483647;
			files = (
			);
			runOnlyForDeploymentPostprocessing = 0;
		};
/* End PBXFrameworksBuildPhase section */

/* Begin PBXGroup section */
		C7B657D12D348D7A00AFA8A2 = {
			isa = PBXGroup;
			children = (
				C7B658052D44367600AFA8A2 /* Settings.swift */,
				C7B658032D4342FE00AFA8A2 /* CustomTabBar.swift */,
				C7B657DC2D348D7A00AFA8A2 /* Pet Manager */,
				C7B657DB2D348D7A00AFA8A2 /* Products */,
			);
			sourceTree = "<group>";
		};
		C7B657DB2D348D7A00AFA8A2 /* Products */ = {
			isa = PBXGroup;
			children = (
				C7B657DA2D348D7A00AFA8A2 /* Pet Manager.app */,
			);
			name = Products;
			sourceTree = "<group>";
		};
		C7B657DC2D348D7A00AFA8A2 /* Pet Manager */ = {
			isa = PBXGroup;
			children = (
				C7F787532D4BE7F200CC832E /* Pets */,
				C7F787522D4BE7BB00CC832E /* Tasks */,
				C7B657F12D34BDCB00AFA8A2 /* Pet-Manager-Info.plist */,
				C7B657DD2D348D7A00AFA8A2 /* Pet_ManagerApp.swift */,
				C7B657DF2D348D7A00AFA8A2 /* ContentView.swift */,
				C7B658072D4585C000AFA8A2 /* CustomTextField.swift */,
				C7B657E12D348D7C00AFA8A2 /* Assets.xcassets */,
				C7B657E32D348D7C00AFA8A2 /* Preview Content */,
			);
			path = "Pet Manager";
			sourceTree = "<group>";
		};
		C7B657E32D348D7C00AFA8A2 /* Preview Content */ = {
			isa = PBXGroup;
			children = (
				C7B657EE2D34BC6800AFA8A2 /* fonts */,
				C7B657E42D348D7C00AFA8A2 /* Preview Assets.xcassets */,
			);
			path = "Preview Content";
			sourceTree = "<group>";
		};
		C7B657EE2D34BC6800AFA8A2 /* fonts */ = {
			isa = PBXGroup;
			children = (
				C7B657F52D34C2A200AFA8A2 /* WorkSans-Regular.ttf */,
				C7B657F32D34C21300AFA8A2 /* TrendSansOne.otf */,
			);
			path = fonts;
			sourceTree = "<group>";
		};
		C7F787522D4BE7BB00CC832E /* Tasks */ = {
			isa = PBXGroup;
			children = (
				C7B657FB2D42ADB900AFA8A2 /* TasksList.swift */,
				C7F7874F2D4AB4E400CC832E /* EditTaskView.swift */,
				C7B657EB2D34932300AFA8A2 /* AddTaskView.swift */,
				C7B657FF2D4308E700AFA8A2 /* TaskManager.swift */,
				C7B657F72D35D95E00AFA8A2 /* MyTask.swift */,
				C7B657FD2D42DB8B00AFA8A2 /* TasksListItem.swift */,
			);
			path = Tasks;
			sourceTree = "<group>";
		};
		C7F787532D4BE7F200CC832E /* Pets */ = {
			isa = PBXGroup;
			children = (
				C7F7874D2D495E2600CC832E /* EditPetView.swift */,
				C7B657F92D37174700AFA8A2 /* MyPets.swift */,
				C7B658012D43331500AFA8A2 /* AddPetsView.swift */,
			);
			path = Pets;
			sourceTree = "<group>";
		};
/* End PBXGroup section */

/* Begin PBXNativeTarget section */
		C7B657D92D348D7A00AFA8A2 /* Pet Manager */ = {
			isa = PBXNativeTarget;
			buildConfigurationList = C7B657E82D348D7C00AFA8A2 /* Build configuration list for PBXNativeTarget "Pet Manager" */;
			buildPhases = (
				C7B657D62D348D7A00AFA8A2 /* Sources */,
				C7B657D72D348D7A00AFA8A2 /* Frameworks */,
				C7B657D82D348D7A00AFA8A2 /* Resources */,
			);
			buildRules = (
			);
			dependencies = (
			);
			name = "Pet Manager";
			productName = "Pet Manager";
			productReference = C7B657DA2D348D7A00AFA8A2 /* Pet Manager.app */;
			productType = "com.apple.product-type.application";
		};
/* End PBXNativeTarget section */

/* Begin PBXProject section */
		C7B657D22D348D7A00AFA8A2 /* Project object */ = {
			isa = PBXProject;
			attributes = {
				BuildIndependentTargetsInParallel = 1;
				LastSwiftUpdateCheck = 1540;
				LastUpgradeCheck = 1540;
				TargetAttributes = {
					C7B657D92D348D7A00AFA8A2 = {
						CreatedOnToolsVersion = 15.4;
					};
				};
			};
			buildConfigurationList = C7B657D52D348D7A00AFA8A2 /* Build configuration list for PBXProject "Pet Manager" */;
			compatibilityVersion = "Xcode 14.0";
			developmentRegion = en;
			hasScannedForEncodings = 0;
			knownRegions = (
				en,
				Base,
			);
			mainGroup = C7B657D12D348D7A00AFA8A2;
			productRefGroup = C7B657DB2D348D7A00AFA8A2 /* Products */;
			projectDirPath = "";
			projectRoot = "";
			targets = (
				C7B657D92D348D7A00AFA8A2 /* Pet Manager */,
			);
		};
/* End PBXProject section */

/* Begin PBXResourcesBuildPhase section */
		C7B657D82D348D7A00AFA8A2 /* Resources */ = {
			isa = PBXResourcesBuildPhase;
			buildActionMask = 2147483647;
			files = (
				C7B657E52D348D7C00AFA8A2 /* Preview Assets.xcassets in Resources */,
				C7B657E22D348D7C00AFA8A2 /* Assets.xcassets in Resources */,
				C7B657F42D34C22400AFA8A2 /* TrendSansOne.otf in Resources */,
				C7B657F62D34C2A500AFA8A2 /* WorkSans-Regular.ttf in Resources */,
			);
			runOnlyForDeploymentPostprocessing = 0;
		};
/* End PBXResourcesBuildPhase section */

/* Begin PBXSourcesBuildPhase section */
		C7B657D62D348D7A00AFA8A2 /* Sources */ = {
			isa = PBXSourcesBuildPhase;
			buildActionMask = 2147483647;
			files = (
				C7B657FC2D42ADBA00AFA8A2 /* TasksList.swift in Sources */,
				C7F7874E2D495E2600CC832E /* EditPetView.swift in Sources */,
				C7B657F82D35D95E00AFA8A2 /* MyTask.swift in Sources */,
				C7F787502D4AB4E400CC832E /* EditTaskView.swift in Sources */,
				C7B658002D4308E700AFA8A2 /* TaskManager.swift in Sources */,
				C7B657EC2D34932300AFA8A2 /* AddTaskView.swift in Sources */,
				C7B657FE2D42DB8B00AFA8A2 /* TasksListItem.swift in Sources */,
				C7B657E02D348D7A00AFA8A2 /* ContentView.swift in Sources */,
				C7B658042D4342FE00AFA8A2 /* CustomTabBar.swift in Sources */,
				C7B657FA2D37174700AFA8A2 /* MyPets.swift in Sources */,
				C7B658082D4585C100AFA8A2 /* CustomTextField.swift in Sources */,
				C7B657DE2D348D7A00AFA8A2 /* Pet_ManagerApp.swift in Sources */,
				C7B658062D44367600AFA8A2 /* Settings.swift in Sources */,
				C7B658022D43331500AFA8A2 /* AddPetsView.swift in Sources */,
			);
			runOnlyForDeploymentPostprocessing = 0;
		};
/* End PBXSourcesBuildPhase section */

/* Begin XCBuildConfiguration section */
		C7B657E62D348D7C00AFA8A2 /* Debug */ = {
			isa = XCBuildConfiguration;
			buildSettings = {
				ALWAYS_SEARCH_USER_PATHS = NO;
				ASSETCATALOG_COMPILER_GENERATE_SWIFT_ASSET_SYMBOL_EXTENSIONS = YES;
				CLANG_ANALYZER_NONNULL = YES;
				CLANG_ANALYZER_NUMBER_OBJECT_CONVERSION = YES_AGGRESSIVE;
				CLANG_CXX_LANGUAGE_STANDARD = "gnu++20";
				CLANG_ENABLE_MODULES = YES;
				CLANG_ENABLE_OBJC_ARC = YES;
				CLANG_ENABLE_OBJC_WEAK = YES;
				CLANG_WARN_BLOCK_CAPTURE_AUTORELEASING = YES;
				CLANG_WARN_BOOL_CONVERSION = YES;
				CLANG_WARN_COMMA = YES;
				CLANG_WARN_CONSTANT_CONVERSION = YES;
				CLANG_WARN_DEPRECATED_OBJC_IMPLEMENTATIONS = YES;
				CLANG_WARN_DIRECT_OBJC_ISA_USAGE = YES_ERROR;
				CLANG_WARN_DOCUMENTATION_COMMENTS = YES;
				CLANG_WARN_EMPTY_BODY = YES;
				CLANG_WARN_ENUM_CONVERSION = YES;
				CLANG_WARN_INFINITE_RECURSION = YES;
				CLANG_WARN_INT_CONVERSION = YES;
				CLANG_WARN_NON_LITERAL_NULL_CONVERSION = YES;
				CLANG_WARN_OBJC_IMPLICIT_RETAIN_SELF = YES;
				CLANG_WARN_OBJC_LITERAL_CONVERSION = YES;
				CLANG_WARN_OBJC_ROOT_CLASS = YES_ERROR;
				CLANG_WARN_QUOTED_INCLUDE_IN_FRAMEWORK_HEADER = YES;
				CLANG_WARN_RANGE_LOOP_ANALYSIS = YES;
				CLANG_WARN_STRICT_PROTOTYPES = YES;
				CLANG_WARN_SUSPICIOUS_MOVE = YES;
				CLANG_WARN_UNGUARDED_AVAILABILITY = YES_AGGRESSIVE;
				CLANG_WARN_UNREACHABLE_CODE = YES;
				CLANG_WARN__DUPLICATE_METHOD_MATCH = YES;
				COPY_PHASE_STRIP = NO;
				DEBUG_INFORMATION_FORMAT = dwarf;
				ENABLE_STRICT_OBJC_MSGSEND = YES;
				ENABLE_TESTABILITY = YES;
				ENABLE_USER_SCRIPT_SANDBOXING = YES;
				GCC_C_LANGUAGE_STANDARD = gnu17;
				GCC_DYNAMIC_NO_PIC = NO;
				GCC_NO_COMMON_BLOCKS = YES;
				GCC_OPTIMIZATION_LEVEL = 0;
				GCC_PREPROCESSOR_DEFINITIONS = (
					"DEBUG=1",
					"$(inherited)",
				);
				GCC_WARN_64_TO_32_BIT_CONVERSION = YES;
				GCC_WARN_ABOUT_RETURN_TYPE = YES_ERROR;
				GCC_WARN_UNDECLARED_SELECTOR = YES;
				GCC_WARN_UNINITIALIZED_AUTOS = YES_AGGRESSIVE;
				GCC_WARN_UNUSED_FUNCTION = YES;
				GCC_WARN_UNUSED_VARIABLE = YES;
				IPHONEOS_DEPLOYMENT_TARGET = 17.5;
				LOCALIZATION_PREFERS_STRING_CATALOGS = YES;
				MTL_ENABLE_DEBUG_INFO = INCLUDE_SOURCE;
				MTL_FAST_MATH = YES;
				ONLY_ACTIVE_ARCH = YES;
				SDKROOT = iphoneos;
				SWIFT_ACTIVE_COMPILATION_CONDITIONS = "DEBUG $(inherited)";
				SWIFT_OPTIMIZATION_LEVEL = "-Onone";
			};
			name = Debug;
		};
		C7B657E72D348D7C00AFA8A2 /* Release */ = {
			isa = XCBuildConfiguration;
			buildSettings = {
				ALWAYS_SEARCH_USER_PATHS = NO;
				ASSETCATALOG_COMPILER_GENERATE_SWIFT_ASSET_SYMBOL_EXTENSIONS = YES;
				CLANG_ANALYZER_NONNULL = YES;
				CLANG_ANALYZER_NUMBER_OBJECT_CONVERSION = YES_AGGRESSIVE;
				CLANG_CXX_LANGUAGE_STANDARD = "gnu++20";
				CLANG_ENABLE_MODULES = YES;
				CLANG_ENABLE_OBJC_ARC = YES;
				CLANG_ENABLE_OBJC_WEAK = YES;
				CLANG_WARN_BLOCK_CAPTURE_AUTORELEASING = YES;
				CLANG_WARN_BOOL_CONVERSION = YES;
				CLANG_WARN_COMMA = YES;
				CLANG_WARN_CONSTANT_CONVERSION = YES;
				CLANG_WARN_DEPRECATED_OBJC_IMPLEMENTATIONS = YES;
				CLANG_WARN_DIRECT_OBJC_ISA_USAGE = YES_ERROR;
				CLANG_WARN_DOCUMENTATION_COMMENTS = YES;
				CLANG_WARN_EMPTY_BODY = YES;
				CLANG_WARN_ENUM_CONVERSION = YES;
				CLANG_WARN_INFINITE_RECURSION = YES;
				CLANG_WARN_INT_CONVERSION = YES;
				CLANG_WARN_NON_LITERAL_NULL_CONVERSION = YES;
				CLANG_WARN_OBJC_IMPLICIT_RETAIN_SELF = YES;
				CLANG_WARN_OBJC_LITERAL_CONVERSION = YES;
				CLANG_WARN_OBJC_ROOT_CLASS = YES_ERROR;
				CLANG_WARN_QUOTED_INCLUDE_IN_FRAMEWORK_HEADER = YES;
				CLANG_WARN_RANGE_LOOP_ANALYSIS = YES;
				CLANG_WARN_STRICT_PROTOTYPES = YES;
				CLANG_WARN_SUSPICIOUS_MOVE = YES;
				CLANG_WARN_UNGUARDED_AVAILABILITY = YES_AGGRESSIVE;
				CLANG_WARN_UNREACHABLE_CODE = YES;
				CLANG_WARN__DUPLICATE_METHOD_MATCH = YES;
				COPY_PHASE_STRIP = NO;
				DEBUG_INFORMATION_FORMAT = "dwarf-with-dsym";
				ENABLE_NS_ASSERTIONS = NO;
				ENABLE_STRICT_OBJC_MSGSEND = YES;
				ENABLE_USER_SCRIPT_SANDBOXING = YES;
				GCC_C_LANGUAGE_STANDARD = gnu17;
				GCC_NO_COMMON_BLOCKS = YES;
				GCC_WARN_64_TO_32_BIT_CONVERSION = YES;
				GCC_WARN_ABOUT_RETURN_TYPE = YES_ERROR;
				GCC_WARN_UNDECLARED_SELECTOR = YES;
				GCC_WARN_UNINITIALIZED_AUTOS = YES_AGGRESSIVE;
				GCC_WARN_UNUSED_FUNCTION = YES;
				GCC_WARN_UNUSED_VARIABLE = YES;
				IPHONEOS_DEPLOYMENT_TARGET = 17.5;
				LOCALIZATION_PREFERS_STRING_CATALOGS = YES;
				MTL_ENABLE_DEBUG_INFO = NO;
				MTL_FAST_MATH = YES;
				SDKROOT = iphoneos;
				SWIFT_COMPILATION_MODE = wholemodule;
				VALIDATE_PRODUCT = YES;
			};
			name = Release;
		};
		C7B657E92D348D7C00AFA8A2 /* Debug */ = {
			isa = XCBuildConfiguration;
			buildSettings = {
				ASSETCATALOG_COMPILER_ALTERNATE_APPICON_NAMES = "AppIcon-Dog AppIcon-Rabbit AppIcon-Bear AppIcon-Snake AppIcon-Fish";
				ASSETCATALOG_COMPILER_APPICON_NAME = AppIcon;
				ASSETCATALOG_COMPILER_GLOBAL_ACCENT_COLOR_NAME = AccentColor;
				CODE_SIGN_STYLE = Automatic;
				CURRENT_PROJECT_VERSION = 1;
				DEVELOPMENT_ASSET_PATHS = "\"Pet Manager/Preview Content\"";
				DEVELOPMENT_TEAM = ZTW9SQ7DNR;
				ENABLE_PREVIEWS = YES;
				GENERATE_INFOPLIST_FILE = YES;
				INFOPLIST_FILE = "Pet-Manager-Info.plist";
				INFOPLIST_KEY_UIApplicationSceneManifest_Generation = YES;
				INFOPLIST_KEY_UIApplicationSupportsIndirectInputEvents = YES;
				INFOPLIST_KEY_UILaunchScreen_Generation = YES;
				INFOPLIST_KEY_UISupportedInterfaceOrientations_iPad = "UIInterfaceOrientationPortrait UIInterfaceOrientationPortraitUpsideDown UIInterfaceOrientationLandscapeLeft UIInterfaceOrientationLandscapeRight";
				INFOPLIST_KEY_UISupportedInterfaceOrientations_iPhone = "UIInterfaceOrientationPortrait UIInterfaceOrientationLandscapeLeft UIInterfaceOrientationLandscapeRight";
				LD_RUNPATH_SEARCH_PATHS = (
					"$(inherited)",
					"@executable_path/Frameworks",
				);
				MARKETING_VERSION = 1.0;
				PRODUCT_BUNDLE_IDENTIFIER = "Leonidas-Kalpaxis.Pet-Manager";
				PRODUCT_NAME = "$(TARGET_NAME)";
				SWIFT_EMIT_LOC_STRINGS = YES;
				SWIFT_VERSION = 5.0;
				TARGETED_DEVICE_FAMILY = "1,2";
			};
			name = Debug;
		};
		C7B657EA2D348D7C00AFA8A2 /* Release */ = {
			isa = XCBuildConfiguration;
			buildSettings = {
				ASSETCATALOG_COMPILER_ALTERNATE_APPICON_NAMES = "AppIcon-Dog AppIcon-Rabbit AppIcon-Bear AppIcon-Snake AppIcon-Fish";
				ASSETCATALOG_COMPILER_APPICON_NAME = AppIcon;
				ASSETCATALOG_COMPILER_GLOBAL_ACCENT_COLOR_NAME = AccentColor;
				CODE_SIGN_STYLE = Automatic;
				CURRENT_PROJECT_VERSION = 1;
				DEVELOPMENT_ASSET_PATHS = "\"Pet Manager/Preview Content\"";
				DEVELOPMENT_TEAM = ZTW9SQ7DNR;
				ENABLE_PREVIEWS = YES;
				GENERATE_INFOPLIST_FILE = YES;
				INFOPLIST_FILE = "Pet-Manager-Info.plist";
				INFOPLIST_KEY_UIApplicationSceneManifest_Generation = YES;
				INFOPLIST_KEY_UIApplicationSupportsIndirectInputEvents = YES;
				INFOPLIST_KEY_UILaunchScreen_Generation = YES;
				INFOPLIST_KEY_UISupportedInterfaceOrientations_iPad = "UIInterfaceOrientationPortrait UIInterfaceOrientationPortraitUpsideDown UIInterfaceOrientationLandscapeLeft UIInterfaceOrientationLandscapeRight";
				INFOPLIST_KEY_UISupportedInterfaceOrientations_iPhone = "UIInterfaceOrientationPortrait UIInterfaceOrientationLandscapeLeft UIInterfaceOrientationLandscapeRight";
				LD_RUNPATH_SEARCH_PATHS = (
					"$(inherited)",
					"@executable_path/Frameworks",
				);
				MARKETING_VERSION = 1.0;
				PRODUCT_BUNDLE_IDENTIFIER = "Leonidas-Kalpaxis.Pet-Manager";
				PRODUCT_NAME = "$(TARGET_NAME)";
				SWIFT_EMIT_LOC_STRINGS = YES;
				SWIFT_VERSION = 5.0;
				TARGETED_DEVICE_FAMILY = "1,2";
			};
			name = Release;
		};
/* End XCBuildConfiguration section */

/* Begin XCConfigurationList section */
		C7B657D52D348D7A00AFA8A2 /* Build configuration list for PBXProject "Pet Manager" */ = {
			isa = XCConfigurationList;
			buildConfigurations = (
				C7B657E62D348D7C00AFA8A2 /* Debug */,
				C7B657E72D348D7C00AFA8A2 /* Release */,
			);
			defaultConfigurationIsVisible = 0;
			defaultConfigurationName = Release;
		};
		C7B657E82D348D7C00AFA8A2 /* Build configuration list for PBXNativeTarget "Pet Manager" */ = {
			isa = XCConfigurationList;
			buildConfigurations = (
				C7B657E92D348D7C00AFA8A2 /* Debug */,
				C7B657EA2D348D7C00AFA8A2 /* Release */,
			);
			defaultConfigurationIsVisible = 0;
			defaultConfigurationName = Release;
		};
/* End XCConfigurationList section */
	};
	rootObject = C7B657D22D348D7A00AFA8A2 /* Project object */;
}
